<?xml version="1.0" encoding="utf-8"?>
<Project ToolsVersion="4.0" xmlns="http://schemas.microsoft.com/developer/msbuild/2003">
  <ItemGroup>
    <Filter Include="Source Files">
      <UniqueIdentifier>{4FC737F1-C7A5-4376-A066-2A32D752A2FF}</UniqueIdentifier>
      <Extensions>cpp;c;cc;cxx;def;odl;idl;hpj;bat;asm;asmx</Extensions>
    </Filter>
    <Filter Include="Header Files">
      <UniqueIdentifier>{93995380-89BD-4b04-88EB-625FBE52EBFB}</UniqueIdentifier>
      <Extensions>h;hh;hpp;hxx;hm;inl;inc;xsd</Extensions>
    </Filter>
    <Filter Include="Resource Files">
      <UniqueIdentifier>{67DA6AB6-F800-4c08-8B7A-83BB121AAD01}</UniqueIdentifier>
      <Extensions>rc;ico;cur;bmp;dlg;rc2;rct;bin;rgs;gif;jpg;jpeg;jpe;resx;tiff;tif;png;wav;mfcribbon-ms</Extensions>
    </Filter>
    <Filter Include="Form Files">
      <UniqueIdentifier>{99349809-55BA-4b9d-BF79-8FDBB0286EB3}</UniqueIdentifier>
      <Extensions>ui</Extensions>
    </Filter>
    <Filter Include="Resource Files">
      <UniqueIdentifier>{D9D6E242-F8AF-46E4-B9FD-80ECBC20BA3E}</UniqueIdentifier>
      <Extensions>qrc;*</Extensions>
      <ParseFiles>false</ParseFiles>
    </Filter>
    <Filter Include="Source Files\views">
      <UniqueIdentifier>{5c8fc305-fc62-43cc-ab96-2b955a04a23a}</UniqueIdentifier>
    </Filter>
    <Filter Include="Source Files\data">
      <UniqueIdentifier>{cb323945-3724-4ae1-be06-df0fc7086790}</UniqueIdentifier>
    </Filter>
    <Filter Include="Source Files\Models">
      <UniqueIdentifier>{9f1588d3-452e-4781-9428-e2a1aa5cf897}</UniqueIdentifier>
    </Filter>
    <Filter Include="Resource Files\Dialog">
      <UniqueIdentifier>{d03d9442-c6fd-4419-8df2-e2003b2c2706}</UniqueIdentifier>
    </Filter>
    <Filter Include="Resource Files\Views">
      <UniqueIdentifier>{ebb89f94-df72-44f0-88c2-0f14b7360e48}</UniqueIdentifier>
    </Filter>
    <Filter Include="Source Files\Dialogs">
      <UniqueIdentifier>{7ca0aa05-1237-469e-9820-9a0b7953ac0b}</UniqueIdentifier>
    </Filter>
    <Filter Include="Source Files\Constraint">
      <UniqueIdentifier>{c256548a-ffc9-42db-ab15-26dcb06be75f}</UniqueIdentifier>
    </Filter>
    <Filter Include="Source Files\engine">
      <UniqueIdentifier>{dd211de5-47b1-4c0f-a055-f63d84da901b}</UniqueIdentifier>
    </Filter>
  </ItemGroup>
  <ItemGroup>
    <QtRcc Include="OrarApp.qrc">
      <Filter>Resource Files</Filter>
    </QtRcc>
    <ClCompile Include="stdafx.cpp">
      <Filter>Source Files</Filter>
    </ClCompile>
  </ItemGroup>
  <ItemGroup>
    <ClCompile Include="main.cpp">
      <Filter>Source Files</Filter>
    </ClCompile>
    <ClCompile Include="OrarApp.cpp">
      <Filter>Source Files\views</Filter>
    </ClCompile>
    <ClCompile Include="ClassesView.cpp">
      <Filter>Source Files\views</Filter>
    </ClCompile>
    <ClCompile Include="HomeView.cpp">
      <Filter>Source Files\views</Filter>
    </ClCompile>
    <ClCompile Include="LessonView.cpp">
      <Filter>Source Files\views</Filter>
    </ClCompile>
    <ClCompile Include="SubjectView.cpp">
      <Filter>Source Files\views</Filter>
    </ClCompile>
    <ClCompile Include="TeacherView.cpp">
      <Filter>Source Files\views</Filter>
    </ClCompile>
    <ClCompile Include="Teacher.cpp">
      <Filter>Source Files\data</Filter>
    </ClCompile>
    <ClCompile Include="Subject.cpp">
      <Filter>Source Files\data</Filter>
    </ClCompile>
    <ClCompile Include="Lesson.cpp">
      <Filter>Source Files\data</Filter>
    </ClCompile>
    <ClCompile Include="RoomView.cpp">
      <Filter>Source Files\views</Filter>
    </ClCompile>
    <ClCompile Include="Room.cpp">
      <Filter>Source Files\data</Filter>
    </ClCompile>
    <ClCompile Include="TeacherTableModel.cpp">
      <Filter>Source Files\Models</Filter>
    </ClCompile>
    <ClCompile Include="SubjectTableModel.cpp">
      <Filter>Source Files\Models</Filter>
    </ClCompile>
    <ClCompile Include="RoomTableModel.cpp">
      <Filter>Source Files\Models</Filter>
    </ClCompile>
    <ClCompile Include="LessonTableModel.cpp">
      <Filter>Source Files\Models</Filter>
    </ClCompile>
    <ClCompile Include="InstituteData.cpp">
      <Filter>Source Files\data</Filter>
    </ClCompile>
    <ClCompile Include="SortFilterProxyModel.cpp">
      <Filter>Source Files\Models</Filter>
    </ClCompile>
    <ClCompile Include="DisplayTimetableView.cpp">
      <Filter>Source Files\views</Filter>
    </ClCompile>
    <ClCompile Include="TimeTableViewModel.cpp">
      <Filter>Source Files\Models</Filter>
    </ClCompile>
    <ClCompile Include="Context.cpp">
      <Filter>Source Files\data</Filter>
    </ClCompile>
    <ClCompile Include="AddDataDialog.cpp">
      <Filter>Source Files\Dialogs</Filter>
    </ClCompile>
    <ClCompile Include="ClassesDialog.cpp">
      <Filter>Source Files\Dialogs</Filter>
    </ClCompile>
    <ClCompile Include="InstitutionDetailsDialog.cpp">
      <Filter>Source Files\Dialogs</Filter>
    </ClCompile>
    <ClCompile Include="LessonDialog.cpp">
      <Filter>Source Files\Dialogs</Filter>
    </ClCompile>
    <ClCompile Include="RoomDialog.cpp">
      <Filter>Source Files\Dialogs</Filter>
    </ClCompile>
    <ClCompile Include="SubjectDialog.cpp">
      <Filter>Source Files\Dialogs</Filter>
    </ClCompile>
    <ClCompile Include="TeacherDialog.cpp">
      <Filter>Source Files\Dialogs</Filter>
    </ClCompile>
    <ClCompile Include="TreeModelClasses.cpp">
      <Filter>Source Files\Models</Filter>
    </ClCompile>
    <ClCompile Include="TimeConstraint.cpp">
      <Filter>Source Files\Constraint</Filter>
    </ClCompile>
    <ClCompile Include="ConstraintsView.cpp">
      <Filter>Source Files\views</Filter>
    </ClCompile>
    <ClCompile Include="Group.cpp">
      <Filter>Source Files\data</Filter>
    </ClCompile>
    <ClCompile Include="TeacherConstraintDialog.cpp">
      <Filter>Source Files\Dialogs</Filter>
    </ClCompile>
    <ClCompile Include="ConstraintListModel.cpp">
      <Filter>Source Files\Models</Filter>
    </ClCompile>
  </ItemGroup>
  <ItemGroup>
    <QtMoc Include="ClassesView.h">
      <Filter>Source Files\views</Filter>
    </QtMoc>
    <QtMoc Include="HomeView.h">
      <Filter>Source Files\views</Filter>
    </QtMoc>
    <QtMoc Include="LessonView.h">
      <Filter>Source Files\views</Filter>
    </QtMoc>
    <QtMoc Include="SubjectView.h">
      <Filter>Source Files\views</Filter>
    </QtMoc>
    <QtMoc Include="TeacherView.h">
      <Filter>Source Files\views</Filter>
    </QtMoc>
    <QtMoc Include="OrarApp.h">
      <Filter>Source Files\views</Filter>
    </QtMoc>
    <QtMoc Include="RoomView.h">
      <Filter>Source Files\views</Filter>
    </QtMoc>
    <QtMoc Include="TeacherTableModel.h">
      <Filter>Source Files\Models</Filter>
    </QtMoc>
    <QtMoc Include="SubjectTableModel.h">
      <Filter>Source Files\Models</Filter>
    </QtMoc>
    <QtMoc Include="RoomTableModel.h">
      <Filter>Source Files\Models</Filter>
    </QtMoc>
    <QtMoc Include="LessonTableModel.h">
      <Filter>Source Files\Models</Filter>
    </QtMoc>
    <QtMoc Include="SortFilterProxyModel.h">
      <Filter>Source Files\Models</Filter>
    </QtMoc>
    <QtMoc Include="DisplayTimetableView.h">
      <Filter>Source Files\views</Filter>
    </QtMoc>
    <QtMoc Include="TimeTableViewModel.h">
      <Filter>Source Files\Models</Filter>
    </QtMoc>
    <QtMoc Include="AddDataDialog.h">
      <Filter>Source Files\Dialogs</Filter>
    </QtMoc>
    <QtMoc Include="ClassesDialog.h">
      <Filter>Source Files\Dialogs</Filter>
    </QtMoc>
    <QtMoc Include="InstitutionDetailsDialog.h">
      <Filter>Source Files\Dialogs</Filter>
    </QtMoc>
    <QtMoc Include="LessonDialog.h">
      <Filter>Source Files\Dialogs</Filter>
    </QtMoc>
    <QtMoc Include="RoomDialog.h">
      <Filter>Source Files\Dialogs</Filter>
    </QtMoc>
    <QtMoc Include="SubjectDialog.h">
      <Filter>Source Files\Dialogs</Filter>
    </QtMoc>
    <QtMoc Include="TeacherDialog.h">
      <Filter>Source Files\Dialogs</Filter>
    </QtMoc>
    <QtMoc Include="TreeModelClasses.h">
      <Filter>Source Files\Models</Filter>
    </QtMoc>
    <QtMoc Include="ConstraintsView.h">
      <Filter>Source Files\views</Filter>
    </QtMoc>
    <QtMoc Include="TeacherConstraintDialog.h">
      <Filter>Source Files\Dialogs</Filter>
    </QtMoc>
    <QtMoc Include="ConstraintListModel.h">
      <Filter>Source Files\Models</Filter>
    </QtMoc>
  </ItemGroup>
  <ItemGroup>
    <QtUic Include="AddDataDialog.ui">
      <Filter>Resource Files\Dialog</Filter>
    </QtUic>
    <QtUic Include="ClassesDialog.ui">
      <Filter>Resource Files\Dialog</Filter>
    </QtUic>
    <QtUic Include="InstitutionDetailsDialog.ui">
      <Filter>Resource Files\Dialog</Filter>
    </QtUic>
    <QtUic Include="LessonDialog.ui">
      <Filter>Resource Files\Dialog</Filter>
    </QtUic>
    <QtUic Include="TeacherDialog.ui">
      <Filter>Resource Files\Dialog</Filter>
    </QtUic>
    <QtUic Include="SubjectDialog.ui">
      <Filter>Resource Files\Dialog</Filter>
    </QtUic>
    <QtUic Include="ClassesView.ui">
      <Filter>Resource Files\Views</Filter>
    </QtUic>
    <QtUic Include="DisplayTimetableView.ui">
      <Filter>Resource Files\Views</Filter>
    </QtUic>
    <QtUic Include="HomeView.ui">
      <Filter>Resource Files\Views</Filter>
    </QtUic>
    <QtUic Include="LessonView.ui">
      <Filter>Resource Files\Views</Filter>
    </QtUic>
    <QtUic Include="OrarApp.ui">
      <Filter>Resource Files\Views</Filter>
    </QtUic>
    <QtUic Include="RoomView.ui">
      <Filter>Resource Files\Views</Filter>
    </QtUic>
    <QtUic Include="SubjectView.ui">
      <Filter>Resource Files\Views</Filter>
    </QtUic>
    <QtUic Include="TeacherView.ui">
      <Filter>Resource Files\Views</Filter>
    </QtUic>
    <QtUic Include="RoomDialog.ui">
      <Filter>Resource Files\Dialog</Filter>
    </QtUic>
    <QtUic Include="ConstraintsView.ui">
      <Filter>Resource Files\Views</Filter>
    </QtUic>
    <QtUic Include="TeacherConstraintDialog.ui">
      <Filter>Resource Files\Dialog</Filter>
    </QtUic>
  </ItemGroup>
  <ItemGroup>
    <ClInclude Include="stdafx.h">
      <Filter>Source Files</Filter>
    </ClInclude>
    <ClInclude Include="INavigator.h">
      <Filter>Source Files</Filter>
    </ClInclude>
    <ClInclude Include="Context.h">
      <Filter>Source Files\data</Filter>
    </ClInclude>
    <ClInclude Include="Lesson.h">
      <Filter>Source Files\data</Filter>
    </ClInclude>
    <ClInclude Include="Subject.h">
      <Filter>Source Files\data</Filter>
    </ClInclude>
    <ClInclude Include="Teacher.h">
      <Filter>Source Files\data</Filter>
    </ClInclude>
    <ClInclude Include="Room.h">
      <Filter>Source Files\data</Filter>
    </ClInclude>
    <ClInclude Include="InstituteData.h">
      <Filter>Source Files\data</Filter>
    </ClInclude>
    <ClInclude Include="Group.h">
      <Filter>Source Files\data</Filter>
    </ClInclude>
    <ClInclude Include="TimeConstraint.h">
      <Filter>Source Files\Constraint</Filter>
    </ClInclude>
  </ItemGroup>
</Project>